
Microsoft Visual Studio Solution File, Format Version 12.00
# Visual Studio Version 17
VisualStudioVersion = 17.2.32210.308
MinimumVisualStudioVersion = 10.0.40219.1
Project("{FAE04EC0-301F-11D3-BF4B-00C04F79EFBC}") = "GamerSystemProject", "GamerSystemProject.csproj", "{04AFDB3C-6D30-4D58-B92F-257EF9F3A01B}"
EndProject
Global
	GlobalSection(SolutionConfigurationPlatforms) = preSolution
		Debug|Any CPU = Debug|Any CPU
		Release|Any CPU = Release|Any CPU
	EndGlobalSection
	GlobalSection(ProjectConfigurationPlatforms) = postSolution
		{04AFDB3C-6D30-4D58-B92F-257EF9F3A01B}.Debug|Any CPU.ActiveCfg = Debug|Any CPU
		{04AFDB3C-6D30-4D58-B92F-257EF9F3A01B}.Debug|Any CPU.Build.0 = Debug|Any CPU
		{04AFDB3C-6D30-4D58-B92F-257EF9F3A01B}.Release|Any CPU.ActiveCfg = Release|Any CPU
		{04AFDB3C-6D30-4D58-B92F-257EF9F3A01B}.Release|Any CPU.Build.0 = Release|Any CPU
	EndGlobalSection
	GlobalSection(SolutionProperties) = preSolution
		HideSolutionNode = FALSE
	EndGlobalSection
	GlobalSection(ExtensibilityGlobals) = postSolution
		SolutionGuid = {58AD3CDD-2A25-4DD5-AFA0-52916A940048}
	EndGlobalSection
EndGlobal
